
Microsoft Visual Studio Solution File, Format Version 12.00
# Visual Studio 2012
Project("{8BC9CEB8-8B4A-11D0-8D11-00A0C91BC942}") = "XlsxProj", "XlsxProj\XlsxProj.vcxproj", "{B12702AD-ABFB-343A-A199-8E24837244A3}"
EndProject
Project("{8BC9CEB8-8B4A-11D0-8D11-00A0C91BC942}") = "xlsx", "src\xlsx\xlsx.vcxproj", "{B823BACC-5A05-30AF-BD0A-3F81B4398233}"
EndProject
Project("{8BC9CEB8-8B4A-11D0-8D11-00A0C91BC942}") = "calendar", "examples\xlsx\calendar\calendar.vcxproj", "{91DCAC1E-ED8B-3A6F-971F-98DD8C5E777E}"
EndProject
Project("{8BC9CEB8-8B4A-11D0-8D11-00A0C91BC942}") = "chart", "examples\xlsx\chart\chart.vcxproj", "{1093F1C6-22C9-3295-A379-F1C984E2CBBB}"
EndProject
Project("{8BC9CEB8-8B4A-11D0-8D11-00A0C91BC942}") = "chartsheet", "examples\xlsx\chartsheet\chartsheet.vcxproj", "{0C36EC78-2B4B-3DE0-BD40-BE4CBBA0C797}"
EndProject
Project("{8BC9CEB8-8B4A-11D0-8D11-00A0C91BC942}") = "hello", "examples\xlsx\conditionalformatting\hello.vcxproj", "{E240559A-50B8-3F22-A2B6-D55A32DCD169}"
EndProject
Project("{8BC9CEB8-8B4A-11D0-8D11-00A0C91BC942}") = "datavalidation", "examples\xlsx\datavalidation\datavalidation.vcxproj", "{EC28D893-96DF-33AD-8B24-B0D37513E6D4}"
EndProject
Project("{8BC9CEB8-8B4A-11D0-8D11-00A0C91BC942}") = "definename", "examples\xlsx\definename\definename.vcxproj", "{D9DF4BB5-28FA-3298-8620-E3ACDCBFBDE0}"
EndProject
Project("{8BC9CEB8-8B4A-11D0-8D11-00A0C91BC942}") = "demo", "examples\xlsx\demo\demo.vcxproj", "{F2C24902-0D63-3472-80F9-46C7A26014D4}"
EndProject
Global
	GlobalSection(SolutionConfigurationPlatforms) = preSolution
		Debug|Win32 = Debug|Win32
		Release|Win32 = Release|Win32
	EndGlobalSection
	GlobalSection(ProjectConfigurationPlatforms) = postSolution
		{B12702AD-ABFB-343A-A199-8E24837244A3}.Debug|Win32.ActiveCfg = Debug|Win32
		{B12702AD-ABFB-343A-A199-8E24837244A3}.Debug|Win32.Build.0 = Debug|Win32
		{B12702AD-ABFB-343A-A199-8E24837244A3}.Release|Win32.ActiveCfg = Release|Win32
		{B12702AD-ABFB-343A-A199-8E24837244A3}.Release|Win32.Build.0 = Release|Win32
		{B823BACC-5A05-30AF-BD0A-3F81B4398233}.Debug|Win32.ActiveCfg = Debug|Win32
		{B823BACC-5A05-30AF-BD0A-3F81B4398233}.Debug|Win32.Build.0 = Debug|Win32
		{B823BACC-5A05-30AF-BD0A-3F81B4398233}.Release|Win32.ActiveCfg = Release|Win32
		{B823BACC-5A05-30AF-BD0A-3F81B4398233}.Release|Win32.Build.0 = Release|Win32
		{91DCAC1E-ED8B-3A6F-971F-98DD8C5E777E}.Debug|Win32.ActiveCfg = Debug|Win32
		{91DCAC1E-ED8B-3A6F-971F-98DD8C5E777E}.Debug|Win32.Build.0 = Debug|Win32
		{91DCAC1E-ED8B-3A6F-971F-98DD8C5E777E}.Release|Win32.ActiveCfg = Release|Win32
		{91DCAC1E-ED8B-3A6F-971F-98DD8C5E777E}.Release|Win32.Build.0 = Release|Win32
		{1093F1C6-22C9-3295-A379-F1C984E2CBBB}.Debug|Win32.ActiveCfg = Debug|Win32
		{1093F1C6-22C9-3295-A379-F1C984E2CBBB}.Debug|Win32.Build.0 = Debug|Win32
		{1093F1C6-22C9-3295-A379-F1C984E2CBBB}.Release|Win32.ActiveCfg = Release|Win32
		{1093F1C6-22C9-3295-A379-F1C984E2CBBB}.Release|Win32.Build.0 = Release|Win32
		{0C36EC78-2B4B-3DE0-BD40-BE4CBBA0C797}.Debug|Win32.ActiveCfg = Debug|Win32
		{0C36EC78-2B4B-3DE0-BD40-BE4CBBA0C797}.Debug|Win32.Build.0 = Debug|Win32
		{0C36EC78-2B4B-3DE0-BD40-BE4CBBA0C797}.Release|Win32.ActiveCfg = Release|Win32
		{0C36EC78-2B4B-3DE0-BD40-BE4CBBA0C797}.Release|Win32.Build.0 = Release|Win32
		{E240559A-50B8-3F22-A2B6-D55A32DCD169}.Debug|Win32.ActiveCfg = Debug|Win32
		{E240559A-50B8-3F22-A2B6-D55A32DCD169}.Debug|Win32.Build.0 = Debug|Win32
		{E240559A-50B8-3F22-A2B6-D55A32DCD169}.Release|Win32.ActiveCfg = Release|Win32
		{E240559A-50B8-3F22-A2B6-D55A32DCD169}.Release|Win32.Build.0 = Release|Win32
		{EC28D893-96DF-33AD-8B24-B0D37513E6D4}.Debug|Win32.ActiveCfg = Debug|Win32
		{EC28D893-96DF-33AD-8B24-B0D37513E6D4}.Debug|Win32.Build.0 = Debug|Win32
		{EC28D893-96DF-33AD-8B24-B0D37513E6D4}.Release|Win32.ActiveCfg = Release|Win32
		{EC28D893-96DF-33AD-8B24-B0D37513E6D4}.Release|Win32.Build.0 = Release|Win32
		{D9DF4BB5-28FA-3298-8620-E3ACDCBFBDE0}.Debug|Win32.ActiveCfg = Debug|Win32
		{D9DF4BB5-28FA-3298-8620-E3ACDCBFBDE0}.Debug|Win32.Build.0 = Debug|Win32
		{D9DF4BB5-28FA-3298-8620-E3ACDCBFBDE0}.Release|Win32.ActiveCfg = Release|Win32
		{D9DF4BB5-28FA-3298-8620-E3ACDCBFBDE0}.Release|Win32.Build.0 = Release|Win32
		{F2C24902-0D63-3472-80F9-46C7A26014D4}.Debug|Win32.ActiveCfg = Debug|Win32
		{F2C24902-0D63-3472-80F9-46C7A26014D4}.Debug|Win32.Build.0 = Debug|Win32
		{F2C24902-0D63-3472-80F9-46C7A26014D4}.Release|Win32.ActiveCfg = Release|Win32
		{F2C24902-0D63-3472-80F9-46C7A26014D4}.Release|Win32.Build.0 = Release|Win32
	EndGlobalSection
	GlobalSection(SolutionProperties) = preSolution
		HideSolutionNode = FALSE
	EndGlobalSection
EndGlobal
